
Microsoft Visual Studio Solution File, Format Version 12.00
# Visual Studio 2012
Project("{FAE04EC0-301F-11D3-BF4B-00C04F79EFBC}") = "OODTDD", "OODTDD\OODTDD.csproj", "{064BA22B-C737-4FB2-B4FB-15F6A69FB0F5}"
EndProject
Project("{FAE04EC0-301F-11D3-BF4B-00C04F79EFBC}") = "OODTDD.Tests", "OODTDD.Tests\OODTDD.Tests.csproj", "{A60BB2E3-20FB-477A-ABF4-AABAB9F4A5C3}"
EndProject
Project("{2150E333-8FDC-42A3-9474-1A3956D46DE8}") = ".nuget", ".nuget", "{4BAF562D-32D2-43DC-91C0-F1FF707377EA}"
	ProjectSection(SolutionItems) = preProject
		.nuget\NuGet.Config = .nuget\NuGet.Config
		.nuget\NuGet.exe = .nuget\NuGet.exe
		.nuget\NuGet.targets = .nuget\NuGet.targets
	EndProjectSection
EndProject
Global
	GlobalSection(SolutionConfigurationPlatforms) = preSolution
		Debug|Any CPU = Debug|Any CPU
		Release|Any CPU = Release|Any CPU
	EndGlobalSection
	GlobalSection(ProjectConfigurationPlatforms) = postSolution
		{064BA22B-C737-4FB2-B4FB-15F6A69FB0F5}.Debug|Any CPU.ActiveCfg = Debug|Any CPU
		{064BA22B-C737-4FB2-B4FB-15F6A69FB0F5}.Debug|Any CPU.Build.0 = Debug|Any CPU
		{064BA22B-C737-4FB2-B4FB-15F6A69FB0F5}.Release|Any CPU.ActiveCfg = Release|Any CPU
		{064BA22B-C737-4FB2-B4FB-15F6A69FB0F5}.Release|Any CPU.Build.0 = Release|Any CPU
		{A60BB2E3-20FB-477A-ABF4-AABAB9F4A5C3}.Debug|Any CPU.ActiveCfg = Debug|Any CPU
		{A60BB2E3-20FB-477A-ABF4-AABAB9F4A5C3}.Debug|Any CPU.Build.0 = Debug|Any CPU
		{A60BB2E3-20FB-477A-ABF4-AABAB9F4A5C3}.Release|Any CPU.ActiveCfg = Release|Any CPU
		{A60BB2E3-20FB-477A-ABF4-AABAB9F4A5C3}.Release|Any CPU.Build.0 = Release|Any CPU
	EndGlobalSection
	GlobalSection(SolutionProperties) = preSolution
		HideSolutionNode = FALSE
	EndGlobalSection
EndGlobal
